GIT
  remote: https://github.com/rails/rails
  revision: 2451a568aff34816f1df7bd92b158fb059771337
  branch: main
  specs:
    activemodel (7.0.0.alpha2)
      activesupport (= 7.0.0.alpha2)
    activerecord (7.0.0.alpha2)
      activemodel (= 7.0.0.alpha2)
      activesupport (= 7.0.0.alpha2)
    activesupport (7.0.0.alpha2)
      concurrent-ruby (~> 1.0, >= 1.0.2)
      i18n (>= 1.6, < 2)
      minitest (>= 5.1)
      tzinfo (~> 2.0)

PATH
  remote: ..
  specs:
    i18n-active_record (0.4.1)
      i18n (>= 0.5.0)

GEM
  remote: https://rubygems.org/
  specs:
    concurrent-ruby (1.1.9)
    i18n (1.8.10)
      concurrent-ruby (~> 1.0)
    minitest (5.14.4)
    mocha (1.13.0)
    mysql2 (0.5.3)
    pg (1.2.3)
    rake (13.0.6)
    sqlite3 (1.4.2)
    test_declarative (0.0.6)
    tzinfo (2.0.4)
      concurrent-ruby (~> 1.0)

PLATFORMS
  ruby

DEPENDENCIES
  activerecord!
  bundler
  i18n-active_record!
  minitest
  mocha
  mysql2
  pg
  rake
  sqlite3
  test_declarative

BUNDLED WITH
   2.2.16
