PATH
  remote: ..
  specs:
    i18n-active_record (0.4.0)
      i18n (>= 0.5.0)

GEM
  remote: https://rubygems.org/
  specs:
    activemodel (6.0.0)
      activesupport (= 6.0.0)
    activerecord (6.0.0)
      activemodel (= 6.0.0)
      activesupport (= 6.0.0)
    activesupport (6.0.0)
      concurrent-ruby (~> 1.0, >= 1.0.2)
      i18n (>= 0.7, < 2)
      minitest (~> 5.1)
      tzinfo (~> 1.1)
      zeitwerk (~> 2.1, >= 2.1.8)
    concurrent-ruby (1.1.5)
    i18n (1.6.0)
      concurrent-ruby (~> 1.0)
    metaclass (0.0.4)
    minitest (5.12.0)
    mocha (1.9.0)
      metaclass (~> 0.0.1)
    mysql2 (0.5.2)
    pg (1.1.4)
    rake (13.0.1)
    sqlite3 (1.4.1)
    test_declarative (0.0.6)
    thread_safe (0.3.6)
    tzinfo (1.2.5)
      thread_safe (~> 0.1)
    zeitwerk (2.1.10)

PLATFORMS
  ruby

DEPENDENCIES
  activerecord (~> 6.0.0)
  bundler
  i18n-active_record!
  minitest
  mocha
  mysql2
  pg
  rake
  sqlite3
  test_declarative

BUNDLED WITH
   2.0.2
